dependencies:
- name: docker-registry
  repository: https://helm.twun.io
  version: 1.10.0
- name: minio
  repository: https://helm.min.io/
  version: 8.0.7
- name: mysql
  repository: https://charts.bitnami.com/bitnami
  version: 8.5.1
- name: rabbitmq
  repository: https://charts.bitnami.com/bitnami
  version: 8.11.4
- name: cert-manager
  repository: https://charts.jetstack.io
  version: v1.3.1
digest: sha256:a14c4e178b73fb68d3cc0f412a4e31e668b586287e21184a30ebac9da7b73138
generated: "2021-05-16T19:32:02.626966982Z"
